<?xml version="1.0" encoding="UTF-8" standalone="yes" ?>
<CodeBlocks_project_file>
	<FileVersion major="1" minor="6" />
	<Project>
		<Option title="projectTCS" />
		<Option pch_mode="2" />
		<Option compiler="gcc" />
		<Build>
			<Target title="Debug">
				<Option output="bin/Debug/projectTCS" prefix_auto="1" extension_auto="1" />
				<Option object_output="obj/Debug/" />
				<Option type="1" />
				<Option compiler="gcc" />
				<Compiler>
					<Add option="-g" />
				</Compiler>
				<Linker>
					<Add option="-lwinmm" />
				</Linker>
			</Target>
			<Target title="Release">
				<Option output="bin/Release/projectTCS" prefix_auto="1" extension_auto="1" />
				<Option object_output="obj/Release/" />
				<Option type="1" />
				<Option compiler="gcc" />
				<Compiler>
					<Add option="-O2" />
				</Compiler>
				<Linker>
					<Add option="-s" />
				</Linker>
			</Target>
		</Build>
		<Compiler>
			<Add option="-Wall" />
		</Compiler>
		<Unit filename="file_memory.c">
			<Option compilerVar="CC" />
		</Unit>
		<Unit filename="game_execute_logic.c">
			<Option compilerVar="CC" />
		</Unit>
		<Unit filename="information_layout.c">
			<Option compilerVar="CC" />
		</Unit>
		<Unit filename="layout_map.c">
			<Option compilerVar="CC" />
		</Unit>
		<Unit filename="main.c">
			<Option compilerVar="CC" />
		</Unit>
		<Unit filename="song.c">
			<Option compilerVar="CC" />
		</Unit>
		<Unit filename="tools.c">
			<Option compilerVar="CC" />
		</Unit>
		<Unit filename="transfer.c">
			<Option compilerVar="CC" />
		</Unit>
		<Unit filename="variate_keep.c">
			<Option compilerVar="CC" />
		</Unit>
		<Unit filename="welcome.c">
			<Option compilerVar="CC" />
		</Unit>
		<Extensions>
			<lib_finder disable_auto="1" />
		</Extensions>
	</Project>
</CodeBlocks_project_file>
